// !$*UTF8*$!
{
	archiveVersion = 1;
	classes = {
	};
	objectVersion = 50;
	objects = {

/* Begin PBXBuildFile section */
		8F889EE72274446000957FB6 /* mediaLibrary.swift in Sources */ = {isa = PBXBuildFile; fileRef = 8F889EE62274446000957FB6 /* mediaLibrary.swift */; };
		8F889EE92274ADE500957FB6 /* track.swift in Sources */ = {isa = PBXBuildFile; fileRef = 8F889EE82274ADE500957FB6 /* track.swift */; };
		8FE4479D21F34DAF00957FB6 /* main.swift in Sources */ = {isa = PBXBuildFile; fileRef = 8FE4479C21F34DAF00957FB6 /* main.swift */; };
		8FE447A521F3525C00957FB6 /* iTunesLibrary.framework in Frameworks */ = {isa = PBXBuildFile; fileRef = 8FE447A421F3525C00957FB6 /* iTunesLibrary.framework */; };
		8FE883BF2272301900957FB6 /* database.swift in Sources */ = {isa = PBXBuildFile; fileRef = 8FE883BE2272301900957FB6 /* database.swift */; };
		8FFA6EC8227435D500957FB6 /* statementBuilder.swift in Sources */ = {isa = PBXBuildFile; fileRef = 8FFA6EC7227435D500957FB6 /* statementBuilder.swift */; };
/* End PBXBuildFile section */

/* Begin PBXCopyFilesBuildPhase section */
		8FE4479721F34DAF00957FB6 /* CopyFiles */ = {
			isa = PBXCopyFilesBuildPhase;
			buildActionMask = 2147483647;
			dstPath = /usr/share/man/man1/;
			dstSubfolderSpec = 0;
			files = (
			);
			runOnlyForDeploymentPostprocessing = 1;
		};
/* End PBXCopyFilesBuildPhase section */

/* Begin PBXFileReference section */
		8F11078722776CA600957FB6 /* idbcl.plist */ = {isa = PBXFileReference; lastKnownFileType = text.plist.xml; path = idbcl.plist; sourceTree = "<group>"; };
		8F889EE62274446000957FB6 /* mediaLibrary.swift */ = {isa = PBXFileReference; lastKnownFileType = sourcecode.swift; path = mediaLibrary.swift; sourceTree = "<group>"; };
		8F889EE82274ADE500957FB6 /* track.swift */ = {isa = PBXFileReference; lastKnownFileType = sourcecode.swift; path = track.swift; sourceTree = "<group>"; };
		8FE4479921F34DAF00957FB6 /* idbcl */ = {isa = PBXFileReference; explicitFileType = "compiled.mach-o.executable"; includeInIndex = 0; path = idbcl; sourceTree = BUILT_PRODUCTS_DIR; };
		8FE4479C21F34DAF00957FB6 /* main.swift */ = {isa = PBXFileReference; lastKnownFileType = sourcecode.swift; path = main.swift; sourceTree = "<group>"; };
		8FE447A421F3525C00957FB6 /* iTunesLibrary.framework */ = {isa = PBXFileReference; lastKnownFileType = wrapper.framework; name = iTunesLibrary.framework; path = System/Library/Frameworks/iTunesLibrary.framework; sourceTree = SDKROOT; };
		8FE447A621F352F900957FB6 /* iTunesLibrary.framework */ = {isa = PBXFileReference; lastKnownFileType = wrapper.framework; name = iTunesLibrary.framework; path = ../../../../System/Library/Frameworks/iTunesLibrary.framework; sourceTree = "<group>"; };
		8FE883BD22722A3300957FB6 /* .gitignore */ = {isa = PBXFileReference; fileEncoding = 4; lastKnownFileType = text; path = .gitignore; sourceTree = "<group>"; };
		8FE883BE2272301900957FB6 /* database.swift */ = {isa = PBXFileReference; lastKnownFileType = sourcecode.swift; path = database.swift; sourceTree = "<group>"; };
		8FFA6EC7227435D500957FB6 /* statementBuilder.swift */ = {isa = PBXFileReference; lastKnownFileType = sourcecode.swift; path = statementBuilder.swift; sourceTree = "<group>"; };
/* End PBXFileReference section */

/* Begin PBXFrameworksBuildPhase section */
		8FE4479621F34DAF00957FB6 /* Frameworks */ = {
			isa = PBXFrameworksBuildPhase;
			buildActionMask = 2147483647;
			files = (
				8FE447A521F3525C00957FB6 /* iTunesLibrary.framework in Frameworks */,
			);
			runOnlyForDeploymentPostprocessing = 0;
		};
/* End PBXFrameworksBuildPhase section */

/* Begin PBXGroup section */
		8FE4479021F34DAF00957FB6 = {
			isa = PBXGroup;
			children = (
				8F11078722776CA600957FB6 /* idbcl.plist */,
				8FE883BD22722A3300957FB6 /* .gitignore */,
				8FE4479B21F34DAF00957FB6 /* idbcl */,
				8FE4479A21F34DAF00957FB6 /* Products */,
				8FE447A321F3525C00957FB6 /* Frameworks */,
			);
			sourceTree = "<group>";
		};
		8FE4479A21F34DAF00957FB6 /* Products */ = {
			isa = PBXGroup;
			children = (
				8FE4479921F34DAF00957FB6 /* idbcl */,
			);
			name = Products;
			sourceTree = "<group>";
		};
		8FE4479B21F34DAF00957FB6 /* idbcl */ = {
			isa = PBXGroup;
			children = (
				8FE4479C21F34DAF00957FB6 /* main.swift */,
				8FE883BE2272301900957FB6 /* database.swift */,
				8FFA6EC7227435D500957FB6 /* statementBuilder.swift */,
				8F889EE62274446000957FB6 /* mediaLibrary.swift */,
				8F889EE82274ADE500957FB6 /* track.swift */,
			);
			path = idbcl;
			sourceTree = "<group>";
		};
		8FE447A321F3525C00957FB6 /* Frameworks */ = {
			isa = PBXGroup;
			children = (
				8FE447A621F352F900957FB6 /* iTunesLibrary.framework */,
				8FE447A421F3525C00957FB6 /* iTunesLibrary.framework */,
			);
			name = Frameworks;
			sourceTree = "<group>";
		};
/* End PBXGroup section */

/* Begin PBXNativeTarget section */
		8FE4479821F34DAF00957FB6 /* idbcl */ = {
			isa = PBXNativeTarget;
			buildConfigurationList = 8FE447A021F34DAF00957FB6 /* Build configuration list for PBXNativeTarget "idbcl" */;
			buildPhases = (
				8FE4479521F34DAF00957FB6 /* Sources */,
				8FE4479621F34DAF00957FB6 /* Frameworks */,
				8FE4479721F34DAF00957FB6 /* CopyFiles */,
			);
			buildRules = (
			);
			dependencies = (
			);
			name = idbcl;
			productName = idbcl;
			productReference = 8FE4479921F34DAF00957FB6 /* idbcl */;
			productType = "com.apple.product-type.tool";
		};
/* End PBXNativeTarget section */

/* Begin PBXProject section */
		8FE4479121F34DAF00957FB6 /* Project object */ = {
			isa = PBXProject;
			attributes = {
				LastSwiftUpdateCheck = 1010;
				LastUpgradeCheck = 1010;
				ORGANIZATIONNAME = default;
				TargetAttributes = {
					8FE4479821F34DAF00957FB6 = {
						CreatedOnToolsVersion = 10.1;
					};
				};
			};
			buildConfigurationList = 8FE4479421F34DAF00957FB6 /* Build configuration list for PBXProject "idbcl" */;
			compatibilityVersion = "Xcode 9.3";
			developmentRegion = en;
			hasScannedForEncodings = 0;
			knownRegions = (
				en,
			);
			mainGroup = 8FE4479021F34DAF00957FB6;
			productRefGroup = 8FE4479A21F34DAF00957FB6 /* Products */;
			projectDirPath = "";
			projectRoot = "";
			targets = (
				8FE4479821F34DAF00957FB6 /* idbcl */,
			);
		};
/* End PBXProject section */

/* Begin PBXSourcesBuildPhase section */
		8FE4479521F34DAF00957FB6 /* Sources */ = {
			isa = PBXSourcesBuildPhase;
			buildActionMask = 2147483647;
			files = (
				8F889EE92274ADE500957FB6 /* track.swift in Sources */,
				8FE883BF2272301900957FB6 /* database.swift in Sources */,
				8F889EE72274446000957FB6 /* mediaLibrary.swift in Sources */,
				8FE4479D21F34DAF00957FB6 /* main.swift in Sources */,
				8FFA6EC8227435D500957FB6 /* statementBuilder.swift in Sources */,
			);
			runOnlyForDeploymentPostprocessing = 0;
		};
/* End PBXSourcesBuildPhase section */

/* Begin XCBuildConfiguration section */
		8FE4479E21F34DAF00957FB6 /* Debug */ = {
			isa = XCBuildConfiguration;
			buildSettings = {
				ALWAYS_SEARCH_USER_PATHS = NO;
				CLANG_ANALYZER_NONNULL = YES;
				CLANG_ANALYZER_NUMBER_OBJECT_CONVERSION = YES_AGGRESSIVE;
				CLANG_CXX_LANGUAGE_STANDARD = "gnu++14";
				CLANG_CXX_LIBRARY = "libc++";
				CLANG_ENABLE_MODULES = YES;
				CLANG_ENABLE_OBJC_ARC = YES;
				CLANG_ENABLE_OBJC_WEAK = YES;
				CLANG_WARN_BLOCK_CAPTURE_AUTORELEASING = YES;
				CLANG_WARN_BOOL_CONVERSION = YES;
				CLANG_WARN_COMMA = YES;
				CLANG_WARN_CONSTANT_CONVERSION = YES;
				CLANG_WARN_DEPRECATED_OBJC_IMPLEMENTATIONS = YES;
				CLANG_WARN_DIRECT_OBJC_ISA_USAGE = YES_ERROR;
				CLANG_WARN_DOCUMENTATION_COMMENTS = YES;
				CLANG_WARN_EMPTY_BODY = YES;
				CLANG_WARN_ENUM_CONVERSION = YES;
				CLANG_WARN_INFINITE_RECURSION = YES;
				CLANG_WARN_INT_CONVERSION = YES;
				CLANG_WARN_NON_LITERAL_NULL_CONVERSION = YES;
				CLANG_WARN_OBJC_IMPLICIT_RETAIN_SELF = YES;
				CLANG_WARN_OBJC_LITERAL_CONVERSION = YES;
				CLANG_WARN_OBJC_ROOT_CLASS = YES_ERROR;
				CLANG_WARN_RANGE_LOOP_ANALYSIS = YES;
				CLANG_WARN_STRICT_PROTOTYPES = YES;
				CLANG_WARN_SUSPICIOUS_MOVE = YES;
				CLANG_WARN_UNGUARDED_AVAILABILITY = YES_AGGRESSIVE;
				CLANG_WARN_UNREACHABLE_CODE = YES;
				CLANG_WARN__DUPLICATE_METHOD_MATCH = YES;
				CODE_SIGN_IDENTITY = "Mac Developer";
				COPY_PHASE_STRIP = NO;
				DEBUG_INFORMATION_FORMAT = dwarf;
				ENABLE_STRICT_OBJC_MSGSEND = YES;
				ENABLE_TESTABILITY = YES;
				GCC_C_LANGUAGE_STANDARD = gnu11;
				GCC_DYNAMIC_NO_PIC = NO;
				GCC_NO_COMMON_BLOCKS = YES;
				GCC_OPTIMIZATION_LEVEL = 0;
				GCC_PREPROCESSOR_DEFINITIONS = (
					"DEBUG=1",
					"$(inherited)",
				);
				GCC_WARN_64_TO_32_BIT_CONVERSION = YES;
				GCC_WARN_ABOUT_RETURN_TYPE = YES_ERROR;
				GCC_WARN_UNDECLARED_SELECTOR = YES;
				GCC_WARN_UNINITIALIZED_AUTOS = YES_AGGRESSIVE;
				GCC_WARN_UNUSED_FUNCTION = YES;
				GCC_WARN_UNUSED_VARIABLE = YES;
				MACOSX_DEPLOYMENT_TARGET = 10.14;
				MTL_ENABLE_DEBUG_INFO = INCLUDE_SOURCE;
				MTL_FAST_MATH = YES;
				ONLY_ACTIVE_ARCH = YES;
				SDKROOT = macosx;
				SWIFT_ACTIVE_COMPILATION_CONDITIONS = DEBUG;
				SWIFT_OPTIMIZATION_LEVEL = "-Onone";
			};
			name = Debug;
		};
		8FE4479F21F34DAF00957FB6 /* Release */ = {
			isa = XCBuildConfiguration;
			buildSettings = {
				ALWAYS_SEARCH_USER_PATHS = NO;
				CLANG_ANALYZER_NONNULL = YES;
				CLANG_ANALYZER_NUMBER_OBJECT_CONVERSION = YES_AGGRESSIVE;
				CLANG_CXX_LANGUAGE_STANDARD = "gnu++14";
				CLANG_CXX_LIBRARY = "libc++";
				CLANG_ENABLE_MODULES = YES;
				CLANG_ENABLE_OBJC_ARC = YES;
				CLANG_ENABLE_OBJC_WEAK = YES;
				CLANG_WARN_BLOCK_CAPTURE_AUTORELEASING = YES;
				CLANG_WARN_BOOL_CONVERSION = YES;
				CLANG_WARN_COMMA = YES;
				CLANG_WARN_CONSTANT_CONVERSION = YES;
				CLANG_WARN_DEPRECATED_OBJC_IMPLEMENTATIONS = YES;
				CLANG_WARN_DIRECT_OBJC_ISA_USAGE = YES_ERROR;
				CLANG_WARN_DOCUMENTATION_COMMENTS = YES;
				CLANG_WARN_EMPTY_BODY = YES;
				CLANG_WARN_ENUM_CONVERSION = YES;
				CLANG_WARN_INFINITE_RECURSION = YES;
				CLANG_WARN_INT_CONVERSION = YES;
				CLANG_WARN_NON_LITERAL_NULL_CONVERSION = YES;
				CLANG_WARN_OBJC_IMPLICIT_RETAIN_SELF = YES;
				CLANG_WARN_OBJC_LITERAL_CONVERSION = YES;
				CLANG_WARN_OBJC_ROOT_CLASS = YES_ERROR;
				CLANG_WARN_RANGE_LOOP_ANALYSIS = YES;
				CLANG_WARN_STRICT_PROTOTYPES = YES;
				CLANG_WARN_SUSPICIOUS_MOVE = YES;
				CLANG_WARN_UNGUARDED_AVAILABILITY = YES_AGGRESSIVE;
				CLANG_WARN_UNREACHABLE_CODE = YES;
				CLANG_WARN__DUPLICATE_METHOD_MATCH = YES;
				CODE_SIGN_IDENTITY = "Mac Developer";
				COPY_PHASE_STRIP = NO;
				DEBUG_INFORMATION_FORMAT = "dwarf-with-dsym";
				ENABLE_NS_ASSERTIONS = NO;
				ENABLE_STRICT_OBJC_MSGSEND = YES;
				GCC_C_LANGUAGE_STANDARD = gnu11;
				GCC_NO_COMMON_BLOCKS = YES;
				GCC_WARN_64_TO_32_BIT_CONVERSION = YES;
				GCC_WARN_ABOUT_RETURN_TYPE = YES_ERROR;
				GCC_WARN_UNDECLARED_SELECTOR = YES;
				GCC_WARN_UNINITIALIZED_AUTOS = YES_AGGRESSIVE;
				GCC_WARN_UNUSED_FUNCTION = YES;
				GCC_WARN_UNUSED_VARIABLE = YES;
				MACOSX_DEPLOYMENT_TARGET = 10.14;
				MTL_ENABLE_DEBUG_INFO = NO;
				MTL_FAST_MATH = YES;
				SDKROOT = macosx;
				SWIFT_COMPILATION_MODE = wholemodule;
				SWIFT_OPTIMIZATION_LEVEL = "-O";
			};
			name = Release;
		};
		8FE447A121F34DAF00957FB6 /* Debug */ = {
			isa = XCBuildConfiguration;
			buildSettings = {
				CODE_SIGN_IDENTITY = "Mac Developer";
				CODE_SIGN_STYLE = Automatic;
				DEVELOPMENT_TEAM = UHJ35SSLRP;
				FRAMEWORK_SEARCH_PATHS = /Library/Frameworks/iTunesLibrary.framework;
				PRODUCT_NAME = "$(TARGET_NAME)";
				PROVISIONING_PROFILE_SPECIFIER = "";
				SWIFT_VERSION = 4.2;
			};
			name = Debug;
		};
		8FE447A221F34DAF00957FB6 /* Release */ = {
			isa = XCBuildConfiguration;
			buildSettings = {
				CODE_SIGN_IDENTITY = "Mac Developer";
				CODE_SIGN_STYLE = Automatic;
				DEVELOPMENT_TEAM = UHJ35SSLRP;
				FRAMEWORK_SEARCH_PATHS = /Library/Frameworks/iTunesLibrary.framework;
				PRODUCT_NAME = "$(TARGET_NAME)";
				PROVISIONING_PROFILE_SPECIFIER = "";
				SWIFT_VERSION = 4.2;
			};
			name = Release;
		};
/* End XCBuildConfiguration section */

/* Begin XCConfigurationList section */
		8FE4479421F34DAF00957FB6 /* Build configuration list for PBXProject "idbcl" */ = {
			isa = XCConfigurationList;
			buildConfigurations = (
				8FE4479E21F34DAF00957FB6 /* Debug */,
				8FE4479F21F34DAF00957FB6 /* Release */,
			);
			defaultConfigurationIsVisible = 0;
			defaultConfigurationName = Release;
		};
		8FE447A021F34DAF00957FB6 /* Build configuration list for PBXNativeTarget "idbcl" */ = {
			isa = XCConfigurationList;
			buildConfigurations = (
				8FE447A121F34DAF00957FB6 /* Debug */,
				8FE447A221F34DAF00957FB6 /* Release */,
			);
			defaultConfigurationIsVisible = 0;
			defaultConfigurationName = Release;
		};
/* End XCConfigurationList section */
	};
	rootObject = 8FE4479121F34DAF00957FB6 /* Project object */;
}
